
Microsoft Visual Studio Solution File, Format Version 12.00
# Visual Studio 2013
VisualStudioVersion = 12.0.31101.0
MinimumVisualStudioVersion = 10.0.40219.1
Project("{FAE04EC0-301F-11D3-BF4B-00C04F79EFBC}") = "Quiron.LojaVirtual.Dominio", "Quiron.LojaVirtual.Dominio\Quiron.LojaVirtual.Dominio.csproj", "{5BB8A6E9-30D5-4C94-A3B2-47B84127AA0A}"
EndProject
Project("{FAE04EC0-301F-11D3-BF4B-00C04F79EFBC}") = "Quiron.LojaVirtual.Web", "Quiron.LojaVirtual.Web\Quiron.LojaVirtual.Web.csproj", "{C5FFACB6-D8E0-4CA2-B994-A14E310CECA9}"
EndProject
Project("{FAE04EC0-301F-11D3-BF4B-00C04F79EFBC}") = "Quiron.LojaVirtual.UnitTest", "Quiron.LojaVirtual.UnitTest\Quiron.LojaVirtual.UnitTest.csproj", "{9F327CA6-F7A6-4AEA-B691-A60B01C3D8F2}"
EndProject
Global
	GlobalSection(SolutionConfigurationPlatforms) = preSolution
		Debug|Any CPU = Debug|Any CPU
		Release|Any CPU = Release|Any CPU
	EndGlobalSection
	GlobalSection(ProjectConfigurationPlatforms) = postSolution
		{5BB8A6E9-30D5-4C94-A3B2-47B84127AA0A}.Debug|Any CPU.ActiveCfg = Debug|Any CPU
		{5BB8A6E9-30D5-4C94-A3B2-47B84127AA0A}.Debug|Any CPU.Build.0 = Debug|Any CPU
		{5BB8A6E9-30D5-4C94-A3B2-47B84127AA0A}.Release|Any CPU.ActiveCfg = Release|Any CPU
		{5BB8A6E9-30D5-4C94-A3B2-47B84127AA0A}.Release|Any CPU.Build.0 = Release|Any CPU
		{C5FFACB6-D8E0-4CA2-B994-A14E310CECA9}.Debug|Any CPU.ActiveCfg = Debug|Any CPU
		{C5FFACB6-D8E0-4CA2-B994-A14E310CECA9}.Debug|Any CPU.Build.0 = Debug|Any CPU
		{C5FFACB6-D8E0-4CA2-B994-A14E310CECA9}.Release|Any CPU.ActiveCfg = Release|Any CPU
		{C5FFACB6-D8E0-4CA2-B994-A14E310CECA9}.Release|Any CPU.Build.0 = Release|Any CPU
		{9F327CA6-F7A6-4AEA-B691-A60B01C3D8F2}.Debug|Any CPU.ActiveCfg = Debug|Any CPU
		{9F327CA6-F7A6-4AEA-B691-A60B01C3D8F2}.Debug|Any CPU.Build.0 = Debug|Any CPU
		{9F327CA6-F7A6-4AEA-B691-A60B01C3D8F2}.Release|Any CPU.ActiveCfg = Release|Any CPU
		{9F327CA6-F7A6-4AEA-B691-A60B01C3D8F2}.Release|Any CPU.Build.0 = Release|Any CPU
	EndGlobalSection
	GlobalSection(SolutionProperties) = preSolution
		HideSolutionNode = FALSE
	EndGlobalSection
EndGlobal
